
Microsoft Visual Studio Solution File, Format Version 12.00
# Visual Studio Version 16
VisualStudioVersion = 16.0.32407.337
MinimumVisualStudioVersion = 10.0.40219.1
Project("{FAE04EC0-301F-11D3-BF4B-00C04F79EFBC}") = "WebQLCHTAN", "WebQLCHTAN\WebQLCHTAN.csproj", "{F078F3A3-880C-418D-89A2-DD57D97340DA}"
EndProject
Global
	GlobalSection(SolutionConfigurationPlatforms) = preSolution
		Debug|Any CPU = Debug|Any CPU
		Release|Any CPU = Release|Any CPU
	EndGlobalSection
	GlobalSection(ProjectConfigurationPlatforms) = postSolution
		{F078F3A3-880C-418D-89A2-DD57D97340DA}.Debug|Any CPU.ActiveCfg = Debug|Any CPU
		{F078F3A3-880C-418D-89A2-DD57D97340DA}.Debug|Any CPU.Build.0 = Debug|Any CPU
		{F078F3A3-880C-418D-89A2-DD57D97340DA}.Release|Any CPU.ActiveCfg = Release|Any CPU
		{F078F3A3-880C-418D-89A2-DD57D97340DA}.Release|Any CPU.Build.0 = Release|Any CPU
	EndGlobalSection
	GlobalSection(SolutionProperties) = preSolution
		HideSolutionNode = FALSE
	EndGlobalSection
	GlobalSection(ExtensibilityGlobals) = postSolution
		SolutionGuid = {5C2F9320-DA03-4504-8F64-7D951EBF1F94}
	EndGlobalSection
EndGlobal
