
Microsoft Visual Studio Solution File, Format Version 12.00
# Visual Studio Version 16
VisualStudioVersion = 16.0.32407.337
MinimumVisualStudioVersion = 10.0.40219.1
Project("{FAE04EC0-301F-11D3-BF4B-00C04F79EFBC}") = "WebFastFood", "WebFastFood\WebFastFood.csproj", "{3BD2C761-F0D9-463E-97F0-AD6E63C9338C}"
EndProject
Global
	GlobalSection(SolutionConfigurationPlatforms) = preSolution
		Debug|Any CPU = Debug|Any CPU
		Release|Any CPU = Release|Any CPU
	EndGlobalSection
	GlobalSection(ProjectConfigurationPlatforms) = postSolution
		{3BD2C761-F0D9-463E-97F0-AD6E63C9338C}.Debug|Any CPU.ActiveCfg = Debug|Any CPU
		{3BD2C761-F0D9-463E-97F0-AD6E63C9338C}.Debug|Any CPU.Build.0 = Debug|Any CPU
		{3BD2C761-F0D9-463E-97F0-AD6E63C9338C}.Release|Any CPU.ActiveCfg = Release|Any CPU
		{3BD2C761-F0D9-463E-97F0-AD6E63C9338C}.Release|Any CPU.Build.0 = Release|Any CPU
	EndGlobalSection
	GlobalSection(SolutionProperties) = preSolution
		HideSolutionNode = FALSE
	EndGlobalSection
	GlobalSection(ExtensibilityGlobals) = postSolution
		SolutionGuid = {34BC18C4-E011-4C68-8132-5EE4D6EA2324}
	EndGlobalSection
EndGlobal
